
Microsoft Visual Studio Solution File, Format Version 12.00
# Visual Studio 14
VisualStudioVersion = 14.0.24720.0
MinimumVisualStudioVersion = 10.0.40219.1
Project("{159641D6-6404-4A2A-AE62-294DE0FE8301}") = "SSIS-Series-Project", "SSIS-Series-Project\SSIS-Series-Project.dtproj", "{C603C9D5-4B4E-4318-8DFF-77C0CC75EBFE}"
EndProject
Global
	GlobalSection(SolutionConfigurationPlatforms) = preSolution
		Development|Default = Development|Default
	EndGlobalSection
	GlobalSection(ProjectConfigurationPlatforms) = postSolution
		{C603C9D5-4B4E-4318-8DFF-77C0CC75EBFE}.Development|Default.ActiveCfg = Development
		{C603C9D5-4B4E-4318-8DFF-77C0CC75EBFE}.Development|Default.Build.0 = Development
	EndGlobalSection
	GlobalSection(SolutionProperties) = preSolution
		HideSolutionNode = FALSE
	EndGlobalSection
EndGlobal
